
Microsoft Visual Studio Solution File, Format Version 12.00
# Visual Studio Version 17
VisualStudioVersion = 17.10.35122.118
MinimumVisualStudioVersion = 10.0.40219.1
Project("{FAE04EC0-301F-11D3-BF4B-00C04F79EFBC}") = "01_MainSubjects", "01_MainSubjects\01_MainSubjects.csproj", "{2CA9727C-5DB9-4AE2-8B4D-58C9B7CBF276}"
EndProject
Project("{FAE04EC0-301F-11D3-BF4B-00C04F79EFBC}") = "02_Variables", "02_Variables\02_Variables.csproj", "{D5579DE7-347D-4C4E-9839-BAF8CC3A990C}"
EndProject
Project("{FAE04EC0-301F-11D3-BF4B-00C04F79EFBC}") = "03_MakingDecision", "03_MakingDecision\03_MakingDecision.csproj", "{4025A55C-C63D-4A35-92E6-054CB27B3917}"
EndProject
Project("{FAE04EC0-301F-11D3-BF4B-00C04F79EFBC}") = "04_Loops", "04_Loops\04_Loops.csproj", "{AD585BC0-F5D5-445C-8890-BE254698A7A7}"
EndProject
Project("{FAE04EC0-301F-11D3-BF4B-00C04F79EFBC}") = "05_LoopsWithStars", "05_LoopsWithStars\05_LoopsWithStars.csproj", "{80222FCE-231D-4DC5-9725-E75A2089D480}"
EndProject
Global
	GlobalSection(SolutionConfigurationPlatforms) = preSolution
		Debug|Any CPU = Debug|Any CPU
		Release|Any CPU = Release|Any CPU
	EndGlobalSection
	GlobalSection(ProjectConfigurationPlatforms) = postSolution
		{2CA9727C-5DB9-4AE2-8B4D-58C9B7CBF276}.Debug|Any CPU.ActiveCfg = Debug|Any CPU
		{2CA9727C-5DB9-4AE2-8B4D-58C9B7CBF276}.Debug|Any CPU.Build.0 = Debug|Any CPU
		{2CA9727C-5DB9-4AE2-8B4D-58C9B7CBF276}.Release|Any CPU.ActiveCfg = Release|Any CPU
		{2CA9727C-5DB9-4AE2-8B4D-58C9B7CBF276}.Release|Any CPU.Build.0 = Release|Any CPU
		{D5579DE7-347D-4C4E-9839-BAF8CC3A990C}.Debug|Any CPU.ActiveCfg = Debug|Any CPU
		{D5579DE7-347D-4C4E-9839-BAF8CC3A990C}.Debug|Any CPU.Build.0 = Debug|Any CPU
		{D5579DE7-347D-4C4E-9839-BAF8CC3A990C}.Release|Any CPU.ActiveCfg = Release|Any CPU
		{D5579DE7-347D-4C4E-9839-BAF8CC3A990C}.Release|Any CPU.Build.0 = Release|Any CPU
		{4025A55C-C63D-4A35-92E6-054CB27B3917}.Debug|Any CPU.ActiveCfg = Debug|Any CPU
		{4025A55C-C63D-4A35-92E6-054CB27B3917}.Debug|Any CPU.Build.0 = Debug|Any CPU
		{4025A55C-C63D-4A35-92E6-054CB27B3917}.Release|Any CPU.ActiveCfg = Release|Any CPU
		{4025A55C-C63D-4A35-92E6-054CB27B3917}.Release|Any CPU.Build.0 = Release|Any CPU
		{AD585BC0-F5D5-445C-8890-BE254698A7A7}.Debug|Any CPU.ActiveCfg = Debug|Any CPU
		{AD585BC0-F5D5-445C-8890-BE254698A7A7}.Debug|Any CPU.Build.0 = Debug|Any CPU
		{AD585BC0-F5D5-445C-8890-BE254698A7A7}.Release|Any CPU.ActiveCfg = Release|Any CPU
		{AD585BC0-F5D5-445C-8890-BE254698A7A7}.Release|Any CPU.Build.0 = Release|Any CPU
		{80222FCE-231D-4DC5-9725-E75A2089D480}.Debug|Any CPU.ActiveCfg = Debug|Any CPU
		{80222FCE-231D-4DC5-9725-E75A2089D480}.Debug|Any CPU.Build.0 = Debug|Any CPU
		{80222FCE-231D-4DC5-9725-E75A2089D480}.Release|Any CPU.ActiveCfg = Release|Any CPU
		{80222FCE-231D-4DC5-9725-E75A2089D480}.Release|Any CPU.Build.0 = Release|Any CPU
	EndGlobalSection
	GlobalSection(SolutionProperties) = preSolution
		HideSolutionNode = FALSE
	EndGlobalSection
	GlobalSection(ExtensibilityGlobals) = postSolution
		SolutionGuid = {CB467DF2-7EF7-4A20-A257-73DDCBC5D735}
	EndGlobalSection
EndGlobal
