
Microsoft Visual Studio Solution File, Format Version 12.00
# Visual Studio Version 17
VisualStudioVersion = 17.10.35122.118
MinimumVisualStudioVersion = 10.0.40219.1
Project("{FAE04EC0-301F-11D3-BF4B-00C04F79EFBC}") = "01_EntityLayer", "01_EntityLayer\01_EntityLayer.csproj", "{074A012C-10CA-43B8-AD2E-9C521FACC14A}"
EndProject
Project("{FAE04EC0-301F-11D3-BF4B-00C04F79EFBC}") = "01_DataAccessLayer", "01_DataAccessLayer\01_DataAccessLayer.csproj", "{EF2B521B-2F3B-4FC3-845D-6D9CE28EABBB}"
EndProject
Project("{FAE04EC0-301F-11D3-BF4B-00C04F79EFBC}") = "01_BusinessLayer", "01_BusinessLayer\01_BusinessLayer.csproj", "{C5E5A221-51C5-475B-AA3E-47E4FA0CAC1A}"
EndProject
Project("{FAE04EC0-301F-11D3-BF4B-00C04F79EFBC}") = "01_PresentationLayer", "01_PresentationLayer\01_PresentationLayer.csproj", "{00CA7BCB-2070-4A79-9864-5AC13271C1E2}"
EndProject
Project("{FAE04EC0-301F-11D3-BF4B-00C04F79EFBC}") = "02_EFProject", "02_EFProject\02_EFProject.csproj", "{4D0DBF6B-343C-4086-9F45-EEF79F3D13B0}"
EndProject
Global
	GlobalSection(SolutionConfigurationPlatforms) = preSolution
		Debug|Any CPU = Debug|Any CPU
		Release|Any CPU = Release|Any CPU
	EndGlobalSection
	GlobalSection(ProjectConfigurationPlatforms) = postSolution
		{074A012C-10CA-43B8-AD2E-9C521FACC14A}.Debug|Any CPU.ActiveCfg = Debug|Any CPU
		{074A012C-10CA-43B8-AD2E-9C521FACC14A}.Debug|Any CPU.Build.0 = Debug|Any CPU
		{074A012C-10CA-43B8-AD2E-9C521FACC14A}.Release|Any CPU.ActiveCfg = Release|Any CPU
		{074A012C-10CA-43B8-AD2E-9C521FACC14A}.Release|Any CPU.Build.0 = Release|Any CPU
		{EF2B521B-2F3B-4FC3-845D-6D9CE28EABBB}.Debug|Any CPU.ActiveCfg = Debug|Any CPU
		{EF2B521B-2F3B-4FC3-845D-6D9CE28EABBB}.Debug|Any CPU.Build.0 = Debug|Any CPU
		{EF2B521B-2F3B-4FC3-845D-6D9CE28EABBB}.Release|Any CPU.ActiveCfg = Release|Any CPU
		{EF2B521B-2F3B-4FC3-845D-6D9CE28EABBB}.Release|Any CPU.Build.0 = Release|Any CPU
		{C5E5A221-51C5-475B-AA3E-47E4FA0CAC1A}.Debug|Any CPU.ActiveCfg = Debug|Any CPU
		{C5E5A221-51C5-475B-AA3E-47E4FA0CAC1A}.Debug|Any CPU.Build.0 = Debug|Any CPU
		{C5E5A221-51C5-475B-AA3E-47E4FA0CAC1A}.Release|Any CPU.ActiveCfg = Release|Any CPU
		{C5E5A221-51C5-475B-AA3E-47E4FA0CAC1A}.Release|Any CPU.Build.0 = Release|Any CPU
		{00CA7BCB-2070-4A79-9864-5AC13271C1E2}.Debug|Any CPU.ActiveCfg = Debug|Any CPU
		{00CA7BCB-2070-4A79-9864-5AC13271C1E2}.Debug|Any CPU.Build.0 = Debug|Any CPU
		{00CA7BCB-2070-4A79-9864-5AC13271C1E2}.Release|Any CPU.ActiveCfg = Release|Any CPU
		{00CA7BCB-2070-4A79-9864-5AC13271C1E2}.Release|Any CPU.Build.0 = Release|Any CPU
		{4D0DBF6B-343C-4086-9F45-EEF79F3D13B0}.Debug|Any CPU.ActiveCfg = Debug|Any CPU
		{4D0DBF6B-343C-4086-9F45-EEF79F3D13B0}.Debug|Any CPU.Build.0 = Debug|Any CPU
		{4D0DBF6B-343C-4086-9F45-EEF79F3D13B0}.Release|Any CPU.ActiveCfg = Release|Any CPU
		{4D0DBF6B-343C-4086-9F45-EEF79F3D13B0}.Release|Any CPU.Build.0 = Release|Any CPU
	EndGlobalSection
	GlobalSection(SolutionProperties) = preSolution
		HideSolutionNode = FALSE
	EndGlobalSection
	GlobalSection(ExtensibilityGlobals) = postSolution
		SolutionGuid = {DD46F097-E5AC-4C5E-AF17-5AA789BB322D}
	EndGlobalSection
EndGlobal
